
Microsoft Visual Studio Solution File, Format Version 12.00
# Visual Studio Version 16
VisualStudioVersion = 16.0.29911.84
MinimumVisualStudioVersion = 10.0.40219.1
Project("{FAE04EC0-301F-11D3-BF4B-00C04F79EFBC}") = "18520509Service2", "18520509Service2\18520509Service2.csproj", "{57A42D77-5399-4AF7-929B-E6F2D5E64EAE}"
EndProject
Global
	GlobalSection(SolutionConfigurationPlatforms) = preSolution
		Debug|Any CPU = Debug|Any CPU
		Release|Any CPU = Release|Any CPU
	EndGlobalSection
	GlobalSection(ProjectConfigurationPlatforms) = postSolution
		{57A42D77-5399-4AF7-929B-E6F2D5E64EAE}.Debug|Any CPU.ActiveCfg = Debug|Any CPU
		{57A42D77-5399-4AF7-929B-E6F2D5E64EAE}.Debug|Any CPU.Build.0 = Debug|Any CPU
		{57A42D77-5399-4AF7-929B-E6F2D5E64EAE}.Release|Any CPU.ActiveCfg = Release|Any CPU
		{57A42D77-5399-4AF7-929B-E6F2D5E64EAE}.Release|Any CPU.Build.0 = Release|Any CPU
	EndGlobalSection
	GlobalSection(SolutionProperties) = preSolution
		HideSolutionNode = FALSE
	EndGlobalSection
	GlobalSection(ExtensibilityGlobals) = postSolution
		SolutionGuid = {DFAB338B-9109-473C-AB4D-3C7E00F73DE7}
	EndGlobalSection
EndGlobal
